{
  "nodes": {
    "chaotic": {
      "inputs": {
        "flake-schemas": "flake-schemas",
        "home-manager": "home-manager",
        "nixpkgs": "nixpkgs"
      },
      "locked": {
        "lastModified": 1782668359,
        "narHash": "sha256-w66Dd0yhtpJaD1n8LVxnWzggKhwA0uGAR+Tgx8+/07k=",
        "owner": "chaotic-cx",
        "repo": "nyx",
        "rev": "704c6fc5ea503b0d375244a86781b840d66f5080",
        "type": "github"
      },
      "original": {
        "owner": "chaotic-cx",
        "ref": "nyxpkgs-unstable",
        "repo": "nyx",
        "type": "github"
      }
    },
    "flake-parts": {
      "inputs": {
        "nixpkgs-lib": [
          "neovim-nightly-overlay",
          "nixpkgs"
        ]
      },
      "locked": {
        "lastModified": 1778716662,
        "narHash": "sha256-m1Yf0wZ8j1OHjTc2UwHwyQRSnNeSgLJOd7q5Y45hzi4=",
        "owner": "hercules-ci",
        "repo": "flake-parts",
        "rev": "f7c1a2d347e4c52d5fb8d10cb4d94b5884e546fb",
        "type": "github"
      },
      "original": {
        "owner": "hercules-ci",
        "repo": "flake-parts",
        "type": "github"
      }
    },
    "flake-schemas": {
      "locked": {
        "lastModified": 1780327564,
        "narHash": "sha256-HiRPtA0spK+Dkgbhz/1zW9glXxNVB+L4Rj2VYmdawb8=",
        "rev": "6cc9bd98891b1fc6bb2b8cb3277df8bc72799ca6",
        "revCount": 149,
        "type": "tarball",
        "url": "https://api.flakehub.com/f/pinned/DeterminateSystems/flake-schemas/0.5.0/019e83cf-9af3-78b1-ac5b-70e68ad1efe1/source.tar.gz"
      },
      "original": {
        "type": "tarball",
        "url": "https://flakehub.com/f/DeterminateSystems/flake-schemas/%3D0.5.0.tar.gz"
      }
    },
    "home-manager": {
      "inputs": {
        "nixpkgs": [
          "chaotic",
          "nixpkgs"
        ]
      },
      "locked": {
        "lastModified": 1782522538,
        "narHash": "sha256-CvOaUvJ+mXlxU3m2cPWKcOAhtKETsPUYhq+Xa5ewBp4=",
        "owner": "nix-community",
        "repo": "home-manager",
        "rev": "8d8a6cc50ddc60748791a14ee1163c865ec57635",
        "type": "github"
      },
      "original": {
        "owner": "nix-community",
        "repo": "home-manager",
        "type": "github"
      }
    },
    "home-manager_2": {
      "inputs": {
        "nixpkgs": [
          "nixpkgs"
        ]
      },
      "locked": {
        "lastModified": 1782702263,
        "narHash": "sha256-8/MG4Su7PhnynrmsVO61IeAfrK7GuUEu+E+gwbhy1QQ=",
        "owner": "nix-community",
        "repo": "home-manager",
        "rev": "789a35fbdeb3c46b260096daa0b321c11be527ea",
        "type": "github"
      },
      "original": {
        "owner": "nix-community",
        "repo": "home-manager",
        "type": "github"
      }
    },
    "neovim-nightly-overlay": {
      "inputs": {
        "flake-parts": "flake-parts",
        "neovim-src": "neovim-src",
        "nixpkgs": [
          "nixpkgs"
        ]
      },
      "locked": {
        "lastModified": 1782691458,
        "narHash": "sha256-CiBLAa/4rwU9BEapcgG0ogHggYrWLJ4zjkZYXbsfgL0=",
        "owner": "nix-community",
        "repo": "neovim-nightly-overlay",
        "rev": "fa8d697637b1b3ee944518f91a2ad4c8f86512ed",
        "type": "github"
      },
      "original": {
        "owner": "nix-community",
        "repo": "neovim-nightly-overlay",
        "type": "github"
      }
    },
    "neovim-src": {
      "flake": false,
      "locked": {
        "lastModified": 1782690497,
        "narHash": "sha256-BvqC7yLfUTeeoxpb6layHkM2BpjH1YTtAWWPumtAAyQ=",
        "owner": "neovim",
        "repo": "neovim",
        "rev": "84cd87908e81da33c8daa5646668939d7ea6afa7",
        "type": "github"
      },
      "original": {
        "owner": "neovim",
        "repo": "neovim",
        "type": "github"
      }
    },
    "nix-flatpak": {
      "locked": {
        "lastModified": 1780908363,
        "narHash": "sha256-llGS4y3Qh1eUkli3/Y2VY9FV3GOUKFZR1E2BDftt45Q=",
        "owner": "gmodena",
        "repo": "nix-flatpak",
        "rev": "1df08625f0f8c7d6e300a0e5df7955bbb877d809",
        "type": "github"
      },
      "original": {
        "owner": "gmodena",
        "repo": "nix-flatpak",
        "type": "github"
      }
    },
    "nixpkgs": {
      "locked": {
        "lastModified": 1782467914,
        "narHash": "sha256-pGvFkM8N0xEkIIXDe5YYfbEAvHrk4IxBrjB/x8OomhE=",
        "owner": "NixOS",
        "repo": "nixpkgs",
        "rev": "e73de5be04e0eff4190a1432b946d469c794e7b4",
        "type": "github"
      },
      "original": {
        "owner": "NixOS",
        "ref": "nixos-unstable",
        "repo": "nixpkgs",
        "type": "github"
      }
    },
    "nixpkgs-stable": {
      "locked": {
        "lastModified": 1782535326,
        "narHash": "sha256-ZeRxu4yn6shd3SNF5ZUQb4r7BaVo1zBKMjRhfoNSBmw=",
        "owner": "nixos",
        "repo": "nixpkgs",
        "rev": "714a5f8c4ead6b31148d829288440ed033ccc041",
        "type": "github"
      },
      "original": {
        "owner": "nixos",
        "ref": "nixos-26.05",
        "repo": "nixpkgs",
        "type": "github"
      }
    },
    "nixpkgs_2": {
      "locked": {
        "lastModified": 1782467914,
        "narHash": "sha256-pGvFkM8N0xEkIIXDe5YYfbEAvHrk4IxBrjB/x8OomhE=",
        "owner": "nixos",
        "repo": "nixpkgs",
        "rev": "e73de5be04e0eff4190a1432b946d469c794e7b4",
        "type": "github"
      },
      "original": {
        "owner": "nixos",
        "ref": "nixos-unstable",
        "repo": "nixpkgs",
        "type": "github"
      }
    },
    "noctalia": {
      "inputs": {
        "nixpkgs": [
          "nixpkgs"
        ]
      },
      "locked": {
        "lastModified": 1782707326,
        "narHash": "sha256-9nEW0HmJhBnx18relGPey+5mAOP43AoJ1O9ybUJFhrA=",
        "owner": "noctalia-dev",
        "repo": "noctalia",
        "rev": "8c70e95e0af0f359878529631d75fc1ab0d3bd6d",
        "type": "github"
      },
      "original": {
        "owner": "noctalia-dev",
        "repo": "noctalia",
        "type": "github"
      }
    },
    "noctalia-greeter": {
      "inputs": {
        "nixpkgs": [
          "nixpkgs"
        ]
      },
      "locked": {
        "lastModified": 1782613856,
        "narHash": "sha256-1skV92jfsKq3eAJocomduPABTPcHcZHX8bDBNGm65VU=",
        "owner": "noctalia-dev",
        "repo": "noctalia-greeter",
        "rev": "c09a6b5067ab104d6a47fa404ab4ef1f423c3f4c",
        "type": "github"
      },
      "original": {
        "owner": "noctalia-dev",
        "repo": "noctalia-greeter",
        "type": "github"
      }
    },
    "root": {
      "inputs": {
        "chaotic": "chaotic",
        "home-manager": "home-manager_2",
        "neovim-nightly-overlay": "neovim-nightly-overlay",
        "nix-flatpak": "nix-flatpak",
        "nixpkgs": "nixpkgs_2",
        "nixpkgs-stable": "nixpkgs-stable",
        "noctalia": "noctalia",
        "noctalia-greeter": "noctalia-greeter",
        "zen-browser": "zen-browser"
      }
    },
    "zen-browser": {
      "inputs": {
        "nixpkgs": [
          "nixpkgs"
        ]
      },
      "locked": {
        "lastModified": 1782624757,
        "narHash": "sha256-pqFaCAV+g8H+p0kE4vYn9ZgcEFvt644zGy7SyCdf9c8=",
        "owner": "youwen5",
        "repo": "zen-browser-flake",
        "rev": "907465791e7064d86d37964dd95e23280dfb68da",
        "type": "github"
      },
      "original": {
        "owner": "youwen5",
        "repo": "zen-browser-flake",
        "type": "github"
      }
    }
  },
  "root": "root",
  "version": 7
}
